
Microsoft Visual Studio Solution File, Format Version 12.00
# Visual Studio Version 16
VisualStudioVersion = 16.0.30804.86
MinimumVisualStudioVersion = 10.0.40219.1
Project("{9A19103F-16F7-4668-BE54-9A1E7A4F7556}") = "Business", "Business\Business.csproj", "{4E89C0BB-3943-4505-9340-17AE2F5C0DB7}"
EndProject
Project("{9A19103F-16F7-4668-BE54-9A1E7A4F7556}") = "DataAccess", "DataAccess\DataAccess.csproj", "{68DE5D6D-4671-42FB-9C18-A899C3E6CC3F}"
EndProject
Project("{9A19103F-16F7-4668-BE54-9A1E7A4F7556}") = "Entities", "Entities\Entities.csproj", "{21AD225A-87AD-47AD-BEA6-6050AC832EE6}"
EndProject
Project("{9A19103F-16F7-4668-BE54-9A1E7A4F7556}") = "ConsoleUI", "ConsoleUI\ConsoleUI.csproj", "{B9C51CE4-DCB2-46EB-BC45-CBE0D30B30FA}"
EndProject
Project("{9A19103F-16F7-4668-BE54-9A1E7A4F7556}") = "Core", "Core\Core.csproj", "{03006EFB-21D2-497A-BFA5-E90792ABCA11}"
EndProject
Project("{9A19103F-16F7-4668-BE54-9A1E7A4F7556}") = "WebAPI", "WebAPI\WebAPI.csproj", "{5F5D9622-36A8-48F3-BF73-45C2EBC92E3C}"
EndProject
Global
	GlobalSection(SolutionConfigurationPlatforms) = preSolution
		Debug|Any CPU = Debug|Any CPU
		Release|Any CPU = Release|Any CPU
	EndGlobalSection
	GlobalSection(ProjectConfigurationPlatforms) = postSolution
		{4E89C0BB-3943-4505-9340-17AE2F5C0DB7}.Debug|Any CPU.ActiveCfg = Debug|Any CPU
		{4E89C0BB-3943-4505-9340-17AE2F5C0DB7}.Debug|Any CPU.Build.0 = Debug|Any CPU
		{4E89C0BB-3943-4505-9340-17AE2F5C0DB7}.Release|Any CPU.ActiveCfg = Release|Any CPU
		{4E89C0BB-3943-4505-9340-17AE2F5C0DB7}.Release|Any CPU.Build.0 = Release|Any CPU
		{68DE5D6D-4671-42FB-9C18-A899C3E6CC3F}.Debug|Any CPU.ActiveCfg = Debug|Any CPU
		{68DE5D6D-4671-42FB-9C18-A899C3E6CC3F}.Debug|Any CPU.Build.0 = Debug|Any CPU
		{68DE5D6D-4671-42FB-9C18-A899C3E6CC3F}.Release|Any CPU.ActiveCfg = Release|Any CPU
		{68DE5D6D-4671-42FB-9C18-A899C3E6CC3F}.Release|Any CPU.Build.0 = Release|Any CPU
		{21AD225A-87AD-47AD-BEA6-6050AC832EE6}.Debug|Any CPU.ActiveCfg = Debug|Any CPU
		{21AD225A-87AD-47AD-BEA6-6050AC832EE6}.Debug|Any CPU.Build.0 = Debug|Any CPU
		{21AD225A-87AD-47AD-BEA6-6050AC832EE6}.Release|Any CPU.ActiveCfg = Release|Any CPU
		{21AD225A-87AD-47AD-BEA6-6050AC832EE6}.Release|Any CPU.Build.0 = Release|Any CPU
		{B9C51CE4-DCB2-46EB-BC45-CBE0D30B30FA}.Debug|Any CPU.ActiveCfg = Debug|Any CPU
		{B9C51CE4-DCB2-46EB-BC45-CBE0D30B30FA}.Debug|Any CPU.Build.0 = Debug|Any CPU
		{B9C51CE4-DCB2-46EB-BC45-CBE0D30B30FA}.Release|Any CPU.ActiveCfg = Release|Any CPU
		{B9C51CE4-DCB2-46EB-BC45-CBE0D30B30FA}.Release|Any CPU.Build.0 = Release|Any CPU
		{03006EFB-21D2-497A-BFA5-E90792ABCA11}.Debug|Any CPU.ActiveCfg = Debug|Any CPU
		{03006EFB-21D2-497A-BFA5-E90792ABCA11}.Debug|Any CPU.Build.0 = Debug|Any CPU
		{03006EFB-21D2-497A-BFA5-E90792ABCA11}.Release|Any CPU.ActiveCfg = Release|Any CPU
		{03006EFB-21D2-497A-BFA5-E90792ABCA11}.Release|Any CPU.Build.0 = Release|Any CPU
		{5F5D9622-36A8-48F3-BF73-45C2EBC92E3C}.Debug|Any CPU.ActiveCfg = Debug|Any CPU
		{5F5D9622-36A8-48F3-BF73-45C2EBC92E3C}.Debug|Any CPU.Build.0 = Debug|Any CPU
		{5F5D9622-36A8-48F3-BF73-45C2EBC92E3C}.Release|Any CPU.ActiveCfg = Release|Any CPU
		{5F5D9622-36A8-48F3-BF73-45C2EBC92E3C}.Release|Any CPU.Build.0 = Release|Any CPU
	EndGlobalSection
	GlobalSection(SolutionProperties) = preSolution
		HideSolutionNode = FALSE
	EndGlobalSection
	GlobalSection(ExtensibilityGlobals) = postSolution
		SolutionGuid = {D3B5D40F-08A2-479A-A84F-FB06EAEB05E9}
	EndGlobalSection
EndGlobal
